
Microsoft Visual Studio Solution File, Format Version 12.00
# Visual Studio Version 16
VisualStudioVersion = 16.0.30621.155
MinimumVisualStudioVersion = 10.0.40219.1
Project("{8BC9CEB8-8B4A-11D0-8D11-00A0C91BC942}") = "FreeGLUT-Example", "FreeGLUT-Example\FreeGLUT-Example.vcxproj", "{DD3DAF35-8D69-406D-B5ED-8785B8284759}"
EndProject
Global
	GlobalSection(SolutionConfigurationPlatforms) = preSolution
		Debug|x64 = Debug|x64
		Debug|x86 = Debug|x86
		Release|x64 = Release|x64
		Release|x86 = Release|x86
	EndGlobalSection
	GlobalSection(ProjectConfigurationPlatforms) = postSolution
		{DD3DAF35-8D69-406D-B5ED-8785B8284759}.Debug|x64.ActiveCfg = Debug|x64
		{DD3DAF35-8D69-406D-B5ED-8785B8284759}.Debug|x64.Build.0 = Debug|x64
		{DD3DAF35-8D69-406D-B5ED-8785B8284759}.Debug|x86.ActiveCfg = Debug|Win32
		{DD3DAF35-8D69-406D-B5ED-8785B8284759}.Debug|x86.Build.0 = Debug|Win32
		{DD3DAF35-8D69-406D-B5ED-8785B8284759}.Release|x64.ActiveCfg = Release|x64
		{DD3DAF35-8D69-406D-B5ED-8785B8284759}.Release|x64.Build.0 = Release|x64
		{DD3DAF35-8D69-406D-B5ED-8785B8284759}.Release|x86.ActiveCfg = Release|Win32
		{DD3DAF35-8D69-406D-B5ED-8785B8284759}.Release|x86.Build.0 = Release|Win32
	EndGlobalSection
	GlobalSection(SolutionProperties) = preSolution
		HideSolutionNode = FALSE
	EndGlobalSection
	GlobalSection(ExtensibilityGlobals) = postSolution
		SolutionGuid = {375856E8-1DED-4484-9060-52A3A4722C59}
	EndGlobalSection
EndGlobal
